// !$*UTF8*$!
{
	archiveVersion = 1;
	classes = {
	};
	objectVersion = 77;
	objects = {

/* Begin PBXContainerItemProxy section */
		8F61508F2C9D0ABB00B1973D /* PBXContainerItemProxy */ = {
			isa = PBXContainerItemProxy;
			containerPortal = 8F6150732C9D0AB900B1973D /* Project object */;
			proxyType = 1;
			remoteGlobalIDString = 8F61507A2C9D0AB900B1973D;
			remoteInfo = "Portfolio Tracker";
		};
		8F6150992C9D0ABB00B1973D /* PBXContainerItemProxy */ = {
			isa = PBXContainerItemProxy;
			containerPortal = 8F6150732C9D0AB900B1973D /* Project object */;
			proxyType = 1;
			remoteGlobalIDString = 8F61507A2C9D0AB900B1973D;
			remoteInfo = "Portfolio Tracker";
		};
/* End PBXContainerItemProxy section */

/* Begin PBXFileReference section */
		8F61507B2C9D0AB900B1973D /* Portfolio Tracker.app */ = {isa = PBXFileReference; explicitFileType = wrapper.application; includeInIndex = 0; path = "Portfolio Tracker.app"; sourceTree = BUILT_PRODUCTS_DIR; };
		8F61508E2C9D0ABB00B1973D /* Portfolio TrackerTests.xctest */ = {isa = PBXFileReference; explicitFileType = wrapper.cfbundle; includeInIndex = 0; path = "Portfolio TrackerTests.xctest"; sourceTree = BUILT_PRODUCTS_DIR; };
		8F6150982C9D0ABB00B1973D /* Portfolio TrackerUITests.xctest */ = {isa = PBXFileReference; explicitFileType = wrapper.cfbundle; includeInIndex = 0; path = "Portfolio TrackerUITests.xctest"; sourceTree = BUILT_PRODUCTS_DIR; };
/* End PBXFileReference section */

/* Begin PBXFileSystemSynchronizedRootGroup section */
		8F61507D2C9D0AB900B1973D /* Portfolio Tracker */ = {
			isa = PBXFileSystemSynchronizedRootGroup;
			path = "Portfolio Tracker";
			sourceTree = "<group>";
		};
		8F6150912C9D0ABB00B1973D /* Portfolio TrackerTests */ = {
			isa = PBXFileSystemSynchronizedRootGroup;
			path = "Portfolio TrackerTests";
			sourceTree = "<group>";
		};
		8F61509B2C9D0ABB00B1973D /* Portfolio TrackerUITests */ = {
			isa = PBXFileSystemSynchronizedRootGroup;
			path = "Portfolio TrackerUITests";
			sourceTree = "<group>";
		};
/* End PBXFileSystemSynchronizedRootGroup section */

/* Begin PBXFrameworksBuildPhase section */
		8F6150782C9D0AB900B1973D /* Frameworks */ = {
			isa = PBXFrameworksBuildPhase;
			buildActionMask = 2147483647;
			files = (
			);
			runOnlyForDeploymentPostprocessing = 0;
		};
		8F61508B2C9D0ABB00B1973D /* Frameworks */ = {
			isa = PBXFrameworksBuildPhase;
			buildActionMask = 2147483647;
			files = (
			);
			runOnlyForDeploymentPostprocessing = 0;
		};
		8F6150952C9D0ABB00B1973D /* Frameworks */ = {
			isa = PBXFrameworksBuildPhase;
			buildActionMask = 2147483647;
			files = (
			);
			runOnlyForDeploymentPostprocessing = 0;
		};
/* End PBXFrameworksBuildPhase section */

/* Begin PBXGroup section */
		8F6150722C9D0AB900B1973D = {
			isa = PBXGroup;
			children = (
				8F61507D2C9D0AB900B1973D /* Portfolio Tracker */,
				8F6150912C9D0ABB00B1973D /* Portfolio TrackerTests */,
				8F61509B2C9D0ABB00B1973D /* Portfolio TrackerUITests */,
				8F61507C2C9D0AB900B1973D /* Products */,
			);
			sourceTree = "<group>";
		};
		8F61507C2C9D0AB900B1973D /* Products */ = {
			isa = PBXGroup;
			children = (
				8F61507B2C9D0AB900B1973D /* Portfolio Tracker.app */,
				8F61508E2C9D0ABB00B1973D /* Portfolio TrackerTests.xctest */,
				8F6150982C9D0ABB00B1973D /* Portfolio TrackerUITests.xctest */,
			);
			name = Products;
			sourceTree = "<group>";
		};
/* End PBXGroup section */

/* Begin PBXNativeTarget section */
		8F61507A2C9D0AB900B1973D /* Portfolio Tracker */ = {
			isa = PBXNativeTarget;
			buildConfigurationList = 8F6150A22C9D0ABB00B1973D /* Build configuration list for PBXNativeTarget "Portfolio Tracker" */;
			buildPhases = (
				8F6150772C9D0AB900B1973D /* Sources */,
				8F6150782C9D0AB900B1973D /* Frameworks */,
				8F6150792C9D0AB900B1973D /* Resources */,
			);
			buildRules = (
			);
			dependencies = (
			);
			fileSystemSynchronizedGroups = (
				8F61507D2C9D0AB900B1973D /* Portfolio Tracker */,
			);
			name = "Portfolio Tracker";
			packageProductDependencies = (
			);
			productName = "Portfolio Tracker";
			productReference = 8F61507B2C9D0AB900B1973D /* Portfolio Tracker.app */;
			productType = "com.apple.product-type.application";
		};
		8F61508D2C9D0ABB00B1973D /* Portfolio TrackerTests */ = {
			isa = PBXNativeTarget;
			buildConfigurationList = 8F6150A52C9D0ABB00B1973D /* Build configuration list for PBXNativeTarget "Portfolio TrackerTests" */;
			buildPhases = (
				8F61508A2C9D0ABB00B1973D /* Sources */,
				8F61508B2C9D0ABB00B1973D /* Frameworks */,
				8F61508C2C9D0ABB00B1973D /* Resources */,
			);
			buildRules = (
			);
			dependencies = (
				8F6150902C9D0ABB00B1973D /* PBXTargetDependency */,
			);
			fileSystemSynchronizedGroups = (
				8F6150912C9D0ABB00B1973D /* Portfolio TrackerTests */,
			);
			name = "Portfolio TrackerTests";
			packageProductDependencies = (
			);
			productName = "Portfolio TrackerTests";
			productReference = 8F61508E2C9D0ABB00B1973D /* Portfolio TrackerTests.xctest */;
			productType = "com.apple.product-type.bundle.unit-test";
		};
		8F6150972C9D0ABB00B1973D /* Portfolio TrackerUITests */ = {
			isa = PBXNativeTarget;
			buildConfigurationList = 8F6150A82C9D0ABB00B1973D /* Build configuration list for PBXNativeTarget "Portfolio TrackerUITests" */;
			buildPhases = (
				8F6150942C9D0ABB00B1973D /* Sources */,
				8F6150952C9D0ABB00B1973D /* Frameworks */,
				8F6150962C9D0ABB00B1973D /* Resources */,
			);
			buildRules = (
			);
			dependencies = (
				8F61509A2C9D0ABB00B1973D /* PBXTargetDependency */,
			);
			fileSystemSynchronizedGroups = (
				8F61509B2C9D0ABB00B1973D /* Portfolio TrackerUITests */,
			);
			name = "Portfolio TrackerUITests";
			packageProductDependencies = (
			);
			productName = "Portfolio TrackerUITests";
			productReference = 8F6150982C9D0ABB00B1973D /* Portfolio TrackerUITests.xctest */;
			productType = "com.apple.product-type.bundle.ui-testing";
		};
/* End PBXNativeTarget section */

/* Begin PBXProject section */
		8F6150732C9D0AB900B1973D /* Project object */ = {
			isa = PBXProject;
			attributes = {
				BuildIndependentTargetsInParallel = 1;
				LastSwiftUpdateCheck = 1600;
				LastUpgradeCheck = 1600;
				TargetAttributes = {
					8F61507A2C9D0AB900B1973D = {
						CreatedOnToolsVersion = 16.0;
					};
					8F61508D2C9D0ABB00B1973D = {
						CreatedOnToolsVersion = 16.0;
						TestTargetID = 8F61507A2C9D0AB900B1973D;
					};
					8F6150972C9D0ABB00B1973D = {
						CreatedOnToolsVersion = 16.0;
						TestTargetID = 8F61507A2C9D0AB900B1973D;
					};
				};
			};
			buildConfigurationList = 8F6150762C9D0AB900B1973D /* Build configuration list for PBXProject "Portfolio Tracker" */;
			developmentRegion = en;
			hasScannedForEncodings = 0;
			knownRegions = (
				en,
				Base,
			);
			mainGroup = 8F6150722C9D0AB900B1973D;
			minimizedProjectReferenceProxies = 1;
			preferredProjectObjectVersion = 77;
			productRefGroup = 8F61507C2C9D0AB900B1973D /* Products */;
			projectDirPath = "";
			projectRoot = "";
			targets = (
				8F61507A2C9D0AB900B1973D /* Portfolio Tracker */,
				8F61508D2C9D0ABB00B1973D /* Portfolio TrackerTests */,
				8F6150972C9D0ABB00B1973D /* Portfolio TrackerUITests */,
			);
		};
/* End PBXProject section */

/* Begin PBXResourcesBuildPhase section */
		8F6150792C9D0AB900B1973D /* Resources */ = {
			isa = PBXResourcesBuildPhase;
			buildActionMask = 2147483647;
			files = (
			);
			runOnlyForDeploymentPostprocessing = 0;
		};
		8F61508C2C9D0ABB00B1973D /* Resources */ = {
			isa = PBXResourcesBuildPhase;
			buildActionMask = 2147483647;
			files = (
			);
			runOnlyForDeploymentPostprocessing = 0;
		};
		8F6150962C9D0ABB00B1973D /* Resources */ = {
			isa = PBXResourcesBuildPhase;
			buildActionMask = 2147483647;
			files = (
			);
			runOnlyForDeploymentPostprocessing = 0;
		};
/* End PBXResourcesBuildPhase section */

/* Begin PBXSourcesBuildPhase section */
		8F6150772C9D0AB900B1973D /* Sources */ = {
			isa = PBXSourcesBuildPhase;
			buildActionMask = 2147483647;
			files = (
			);
			runOnlyForDeploymentPostprocessing = 0;
		};
		8F61508A2C9D0ABB00B1973D /* Sources */ = {
			isa = PBXSourcesBuildPhase;
			buildActionMask = 2147483647;
			files = (
			);
			runOnlyForDeploymentPostprocessing = 0;
		};
		8F6150942C9D0ABB00B1973D /* Sources */ = {
			isa = PBXSourcesBuildPhase;
			buildActionMask = 2147483647;
			files = (
			);
			runOnlyForDeploymentPostprocessing = 0;
		};
/* End PBXSourcesBuildPhase section */

/* Begin PBXTargetDependency section */
		8F6150902C9D0ABB00B1973D /* PBXTargetDependency */ = {
			isa = PBXTargetDependency;
			target = 8F61507A2C9D0AB900B1973D /* Portfolio Tracker */;
			targetProxy = 8F61508F2C9D0ABB00B1973D /* PBXContainerItemProxy */;
		};
		8F61509A2C9D0ABB00B1973D /* PBXTargetDependency */ = {
			isa = PBXTargetDependency;
			target = 8F61507A2C9D0AB900B1973D /* Portfolio Tracker */;
			targetProxy = 8F6150992C9D0ABB00B1973D /* PBXContainerItemProxy */;
		};
/* End PBXTargetDependency section */

/* Begin XCBuildConfiguration section */
		8F6150A02C9D0ABB00B1973D /* Debug */ = {
			isa = XCBuildConfiguration;
			buildSettings = {
				ALWAYS_SEARCH_USER_PATHS = NO;
				ASSETCATALOG_COMPILER_GENERATE_SWIFT_ASSET_SYMBOL_EXTENSIONS = YES;
				CLANG_ANALYZER_NONNULL = YES;
				CLANG_ANALYZER_NUMBER_OBJECT_CONVERSION = YES_AGGRESSIVE;
				CLANG_CXX_LANGUAGE_STANDARD = "gnu++20";
				CLANG_ENABLE_MODULES = YES;
				CLANG_ENABLE_OBJC_ARC = YES;
				CLANG_ENABLE_OBJC_WEAK = YES;
				CLANG_WARN_BLOCK_CAPTURE_AUTORELEASING = YES;
				CLANG_WARN_BOOL_CONVERSION = YES;
				CLANG_WARN_COMMA = YES;
				CLANG_WARN_CONSTANT_CONVERSION = YES;
				CLANG_WARN_DEPRECATED_OBJC_IMPLEMENTATIONS = YES;
				CLANG_WARN_DIRECT_OBJC_ISA_USAGE = YES_ERROR;
				CLANG_WARN_DOCUMENTATION_COMMENTS = YES;
				CLANG_WARN_EMPTY_BODY = YES;
				CLANG_WARN_ENUM_CONVERSION = YES;
				CLANG_WARN_INFINITE_RECURSION = YES;
				CLANG_WARN_INT_CONVERSION = YES;
				CLANG_WARN_NON_LITERAL_NULL_CONVERSION = YES;
				CLANG_WARN_OBJC_IMPLICIT_RETAIN_SELF = YES;
				CLANG_WARN_OBJC_LITERAL_CONVERSION = YES;
				CLANG_WARN_OBJC_ROOT_CLASS = YES_ERROR;
				CLANG_WARN_QUOTED_INCLUDE_IN_FRAMEWORK_HEADER = YES;
				CLANG_WARN_RANGE_LOOP_ANALYSIS = YES;
				CLANG_WARN_STRICT_PROTOTYPES = YES;
				CLANG_WARN_SUSPICIOUS_MOVE = YES;
				CLANG_WARN_UNGUARDED_AVAILABILITY = YES_AGGRESSIVE;
				CLANG_WARN_UNREACHABLE_CODE = YES;
				CLANG_WARN__DUPLICATE_METHOD_MATCH = YES;
				COPY_PHASE_STRIP = NO;
				DEBUG_INFORMATION_FORMAT = dwarf;
				ENABLE_STRICT_OBJC_MSGSEND = YES;
				ENABLE_TESTABILITY = YES;
				ENABLE_USER_SCRIPT_SANDBOXING = YES;
				GCC_C_LANGUAGE_STANDARD = gnu17;
				GCC_DYNAMIC_NO_PIC = NO;
				GCC_NO_COMMON_BLOCKS = YES;
				GCC_OPTIMIZATION_LEVEL = 0;
				GCC_PREPROCESSOR_DEFINITIONS = (
					"DEBUG=1",
					"$(inherited)",
				);
				GCC_WARN_64_TO_32_BIT_CONVERSION = YES;
				GCC_WARN_ABOUT_RETURN_TYPE = YES_ERROR;
				GCC_WARN_UNDECLARED_SELECTOR = YES;
				GCC_WARN_UNINITIALIZED_AUTOS = YES_AGGRESSIVE;
				GCC_WARN_UNUSED_FUNCTION = YES;
				GCC_WARN_UNUSED_VARIABLE = YES;
				LOCALIZATION_PREFERS_STRING_CATALOGS = YES;
				MACOSX_DEPLOYMENT_TARGET = 15.0;
				MTL_ENABLE_DEBUG_INFO = INCLUDE_SOURCE;
				MTL_FAST_MATH = YES;
				ONLY_ACTIVE_ARCH = YES;
				SDKROOT = macosx;
				SWIFT_ACTIVE_COMPILATION_CONDITIONS = "DEBUG $(inherited)";
				SWIFT_OPTIMIZATION_LEVEL = "-Onone";
			};
			name = Debug;
		};
		8F6150A12C9D0ABB00B1973D /* Release */ = {
			isa = XCBuildConfiguration;
			buildSettings = {
				ALWAYS_SEARCH_USER_PATHS = NO;
				ASSETCATALOG_COMPILER_GENERATE_SWIFT_ASSET_SYMBOL_EXTENSIONS = YES;
				CLANG_ANALYZER_NONNULL = YES;
				CLANG_ANALYZER_NUMBER_OBJECT_CONVERSION = YES_AGGRESSIVE;
				CLANG_CXX_LANGUAGE_STANDARD = "gnu++20";
				CLANG_ENABLE_MODULES = YES;
				CLANG_ENABLE_OBJC_ARC = YES;
				CLANG_ENABLE_OBJC_WEAK = YES;
				CLANG_WARN_BLOCK_CAPTURE_AUTORELEASING = YES;
				CLANG_WARN_BOOL_CONVERSION = YES;
				CLANG_WARN_COMMA = YES;
				CLANG_WARN_CONSTANT_CONVERSION = YES;
				CLANG_WARN_DEPRECATED_OBJC_IMPLEMENTATIONS = YES;
				CLANG_WARN_DIRECT_OBJC_ISA_USAGE = YES_ERROR;
				CLANG_WARN_DOCUMENTATION_COMMENTS = YES;
				CLANG_WARN_EMPTY_BODY = YES;
				CLANG_WARN_ENUM_CONVERSION = YES;
				CLANG_WARN_INFINITE_RECURSION = YES;
				CLANG_WARN_INT_CONVERSION = YES;
				CLANG_WARN_NON_LITERAL_NULL_CONVERSION = YES;
				CLANG_WARN_OBJC_IMPLICIT_RETAIN_SELF = YES;
				CLANG_WARN_OBJC_LITERAL_CONVERSION = YES;
				CLANG_WARN_OBJC_ROOT_CLASS = YES_ERROR;
				CLANG_WARN_QUOTED_INCLUDE_IN_FRAMEWORK_HEADER = YES;
				CLANG_WARN_RANGE_LOOP_ANALYSIS = YES;
				CLANG_WARN_STRICT_PROTOTYPES = YES;
				CLANG_WARN_SUSPICIOUS_MOVE = YES;
				CLANG_WARN_UNGUARDED_AVAILABILITY = YES_AGGRESSIVE;
				CLANG_WARN_UNREACHABLE_CODE = YES;
				CLANG_WARN__DUPLICATE_METHOD_MATCH = YES;
				COPY_PHASE_STRIP = NO;
				DEBUG_INFORMATION_FORMAT = "dwarf-with-dsym";
				ENABLE_NS_ASSERTIONS = NO;
				ENABLE_STRICT_OBJC_MSGSEND = YES;
				ENABLE_USER_SCRIPT_SANDBOXING = YES;
				GCC_C_LANGUAGE_STANDARD = gnu17;
				GCC_NO_COMMON_BLOCKS = YES;
				GCC_WARN_64_TO_32_BIT_CONVERSION = YES;
				GCC_WARN_ABOUT_RETURN_TYPE = YES_ERROR;
				GCC_WARN_UNDECLARED_SELECTOR = YES;
				GCC_WARN_UNINITIALIZED_AUTOS = YES_AGGRESSIVE;
				GCC_WARN_UNUSED_FUNCTION = YES;
				GCC_WARN_UNUSED_VARIABLE = YES;
				LOCALIZATION_PREFERS_STRING_CATALOGS = YES;
				MACOSX_DEPLOYMENT_TARGET = 15.0;
				MTL_ENABLE_DEBUG_INFO = NO;
				MTL_FAST_MATH = YES;
				SDKROOT = macosx;
				SWIFT_COMPILATION_MODE = wholemodule;
			};
			name = Release;
		};
		8F6150A32C9D0ABB00B1973D /* Debug */ = {
			isa = XCBuildConfiguration;
			buildSettings = {
				ASSETCATALOG_COMPILER_APPICON_NAME = AppIcon;
				ASSETCATALOG_COMPILER_GLOBAL_ACCENT_COLOR_NAME = AccentColor;
				CODE_SIGN_ENTITLEMENTS = "Portfolio Tracker/Portfolio_Tracker.entitlements";
				CODE_SIGN_STYLE = Automatic;
				COMBINE_HIDPI_IMAGES = YES;
				CURRENT_PROJECT_VERSION = 1;
				DEVELOPMENT_ASSET_PATHS = "\"Portfolio Tracker/Preview Content\"";
				DEVELOPMENT_TEAM = ET7L344Q74;
				ENABLE_HARDENED_RUNTIME = YES;
				ENABLE_PREVIEWS = YES;
				GENERATE_INFOPLIST_FILE = YES;
				INFOPLIST_KEY_NSHumanReadableCopyright = "";
				LD_RUNPATH_SEARCH_PATHS = (
					"$(inherited)",
					"@executable_path/../Frameworks",
				);
				MACOSX_DEPLOYMENT_TARGET = 14.0;
				MARKETING_VERSION = 1.0;
				PRODUCT_BUNDLE_IDENTIFIER = "dev.anirudhrao.Portfolio-Tracker";
				PRODUCT_NAME = "$(TARGET_NAME)";
				SWIFT_EMIT_LOC_STRINGS = YES;
				SWIFT_VERSION = 5.0;
			};
			name = Debug;
		};
		8F6150A42C9D0ABB00B1973D /* Release */ = {
			isa = XCBuildConfiguration;
			buildSettings = {
				ASSETCATALOG_COMPILER_APPICON_NAME = AppIcon;
				ASSETCATALOG_COMPILER_GLOBAL_ACCENT_COLOR_NAME = AccentColor;
				CODE_SIGN_ENTITLEMENTS = "Portfolio Tracker/Portfolio_Tracker.entitlements";
				CODE_SIGN_STYLE = Automatic;
				COMBINE_HIDPI_IMAGES = YES;
				CURRENT_PROJECT_VERSION = 1;
				DEVELOPMENT_ASSET_PATHS = "\"Portfolio Tracker/Preview Content\"";
				DEVELOPMENT_TEAM = ET7L344Q74;
				ENABLE_HARDENED_RUNTIME = YES;
				ENABLE_PREVIEWS = YES;
				GENERATE_INFOPLIST_FILE = YES;
				INFOPLIST_KEY_NSHumanReadableCopyright = "";
				LD_RUNPATH_SEARCH_PATHS = (
					"$(inherited)",
					"@executable_path/../Frameworks",
				);
				MACOSX_DEPLOYMENT_TARGET = 14.0;
				MARKETING_VERSION = 1.0;
				PRODUCT_BUNDLE_IDENTIFIER = "dev.anirudhrao.Portfolio-Tracker";
				PRODUCT_NAME = "$(TARGET_NAME)";
				SWIFT_EMIT_LOC_STRINGS = YES;
				SWIFT_VERSION = 5.0;
			};
			name = Release;
		};
		8F6150A62C9D0ABB00B1973D /* Debug */ = {
			isa = XCBuildConfiguration;
			buildSettings = {
				BUNDLE_LOADER = "$(TEST_HOST)";
				CODE_SIGN_STYLE = Automatic;
				CURRENT_PROJECT_VERSION = 1;
				DEVELOPMENT_TEAM = ET7L344Q74;
				GENERATE_INFOPLIST_FILE = YES;
				MACOSX_DEPLOYMENT_TARGET = 14.0;
				MARKETING_VERSION = 1.0;
				PRODUCT_BUNDLE_IDENTIFIER = "dev.anirudhrao.Portfolio-TrackerTests";
				PRODUCT_NAME = "$(TARGET_NAME)";
				SWIFT_EMIT_LOC_STRINGS = NO;
				SWIFT_VERSION = 5.0;
				TEST_HOST = "$(BUILT_PRODUCTS_DIR)/Portfolio Tracker.app/$(BUNDLE_EXECUTABLE_FOLDER_PATH)/Portfolio Tracker";
			};
			name = Debug;
		};
		8F6150A72C9D0ABB00B1973D /* Release */ = {
			isa = XCBuildConfiguration;
			buildSettings = {
				BUNDLE_LOADER = "$(TEST_HOST)";
				CODE_SIGN_STYLE = Automatic;
				CURRENT_PROJECT_VERSION = 1;
				DEVELOPMENT_TEAM = ET7L344Q74;
				GENERATE_INFOPLIST_FILE = YES;
				MACOSX_DEPLOYMENT_TARGET = 14.0;
				MARKETING_VERSION = 1.0;
				PRODUCT_BUNDLE_IDENTIFIER = "dev.anirudhrao.Portfolio-TrackerTests";
				PRODUCT_NAME = "$(TARGET_NAME)";
				SWIFT_EMIT_LOC_STRINGS = NO;
				SWIFT_VERSION = 5.0;
				TEST_HOST = "$(BUILT_PRODUCTS_DIR)/Portfolio Tracker.app/$(BUNDLE_EXECUTABLE_FOLDER_PATH)/Portfolio Tracker";
			};
			name = Release;
		};
		8F6150A92C9D0ABB00B1973D /* Debug */ = {
			isa = XCBuildConfiguration;
			buildSettings = {
				CODE_SIGN_STYLE = Automatic;
				CURRENT_PROJECT_VERSION = 1;
				DEVELOPMENT_TEAM = ET7L344Q74;
				GENERATE_INFOPLIST_FILE = YES;
				MARKETING_VERSION = 1.0;
				PRODUCT_BUNDLE_IDENTIFIER = "dev.anirudhrao.Portfolio-TrackerUITests";
				PRODUCT_NAME = "$(TARGET_NAME)";
				SWIFT_EMIT_LOC_STRINGS = NO;
				SWIFT_VERSION = 5.0;
				TEST_TARGET_NAME = "Portfolio Tracker";
			};
			name = Debug;
		};
		8F6150AA2C9D0ABB00B1973D /* Release */ = {
			isa = XCBuildConfiguration;
			buildSettings = {
				CODE_SIGN_STYLE = Automatic;
				CURRENT_PROJECT_VERSION = 1;
				DEVELOPMENT_TEAM = ET7L344Q74;
				GENERATE_INFOPLIST_FILE = YES;
				MARKETING_VERSION = 1.0;
				PRODUCT_BUNDLE_IDENTIFIER = "dev.anirudhrao.Portfolio-TrackerUITests";
				PRODUCT_NAME = "$(TARGET_NAME)";
				SWIFT_EMIT_LOC_STRINGS = NO;
				SWIFT_VERSION = 5.0;
				TEST_TARGET_NAME = "Portfolio Tracker";
			};
			name = Release;
		};
/* End XCBuildConfiguration section */

/* Begin XCConfigurationList section */
		8F6150762C9D0AB900B1973D /* Build configuration list for PBXProject "Portfolio Tracker" */ = {
			isa = XCConfigurationList;
			buildConfigurations = (
				8F6150A02C9D0ABB00B1973D /* Debug */,
				8F6150A12C9D0ABB00B1973D /* Release */,
			);
			defaultConfigurationIsVisible = 0;
			defaultConfigurationName = Release;
		};
		8F6150A22C9D0ABB00B1973D /* Build configuration list for PBXNativeTarget "Portfolio Tracker" */ = {
			isa = XCConfigurationList;
			buildConfigurations = (
				8F6150A32C9D0ABB00B1973D /* Debug */,
				8F6150A42C9D0ABB00B1973D /* Release */,
			);
			defaultConfigurationIsVisible = 0;
			defaultConfigurationName = Release;
		};
		8F6150A52C9D0ABB00B1973D /* Build configuration list for PBXNativeTarget "Portfolio TrackerTests" */ = {
			isa = XCConfigurationList;
			buildConfigurations = (
				8F6150A62C9D0ABB00B1973D /* Debug */,
				8F6150A72C9D0ABB00B1973D /* Release */,
			);
			defaultConfigurationIsVisible = 0;
			defaultConfigurationName = Release;
		};
		8F6150A82C9D0ABB00B1973D /* Build configuration list for PBXNativeTarget "Portfolio TrackerUITests" */ = {
			isa = XCConfigurationList;
			buildConfigurations = (
				8F6150A92C9D0ABB00B1973D /* Debug */,
				8F6150AA2C9D0ABB00B1973D /* Release */,
			);
			defaultConfigurationIsVisible = 0;
			defaultConfigurationName = Release;
		};
/* End XCConfigurationList section */
	};
	rootObject = 8F6150732C9D0AB900B1973D /* Project object */;
}
